
Microsoft Visual Studio Solution File, Format Version 12.00
# Visual Studio Version 17
VisualStudioVersion = 17.7.34221.43
MinimumVisualStudioVersion = 10.0.40219.1
Project("{FAE04EC0-301F-11D3-BF4B-00C04F79EFBC}") = "Spread_PublicPunish", "Spread_PublicPunish\Spread_PublicPunish.csproj", "{4314E14B-1A14-4EF6-8D47-9920A625025B}"
EndProject
Global
	GlobalSection(SolutionConfigurationPlatforms) = preSolution
		Debug|Any CPU = Debug|Any CPU
		Release|Any CPU = Release|Any CPU
	EndGlobalSection
	GlobalSection(ProjectConfigurationPlatforms) = postSolution
		{4314E14B-1A14-4EF6-8D47-9920A625025B}.Debug|Any CPU.ActiveCfg = Debug|Any CPU
		{4314E14B-1A14-4EF6-8D47-9920A625025B}.Debug|Any CPU.Build.0 = Debug|Any CPU
		{4314E14B-1A14-4EF6-8D47-9920A625025B}.Release|Any CPU.ActiveCfg = Release|Any CPU
		{4314E14B-1A14-4EF6-8D47-9920A625025B}.Release|Any CPU.Build.0 = Release|Any CPU
	EndGlobalSection
	GlobalSection(SolutionProperties) = preSolution
		HideSolutionNode = FALSE
	EndGlobalSection
	GlobalSection(ExtensibilityGlobals) = postSolution
		SolutionGuid = {99249ED7-6509-4C1D-93FF-58EF2C7476B3}
	EndGlobalSection
EndGlobal
