
Microsoft Visual Studio Solution File, Format Version 12.00
# Visual Studio Version 17
VisualStudioVersion = 17.7.34221.43
MinimumVisualStudioVersion = 10.0.40219.1
Project("{FAE04EC0-301F-11D3-BF4B-00C04F79EFBC}") = "EuroCentralBank", "EuroCentralBank\EuroCentralBank.csproj", "{D492812D-EE79-4757-AB91-6B05D5E1ADA1}"
EndProject
Global
	GlobalSection(SolutionConfigurationPlatforms) = preSolution
		Debug|Any CPU = Debug|Any CPU
		Release|Any CPU = Release|Any CPU
	EndGlobalSection
	GlobalSection(ProjectConfigurationPlatforms) = postSolution
		{D492812D-EE79-4757-AB91-6B05D5E1ADA1}.Debug|Any CPU.ActiveCfg = Debug|Any CPU
		{D492812D-EE79-4757-AB91-6B05D5E1ADA1}.Debug|Any CPU.Build.0 = Debug|Any CPU
		{D492812D-EE79-4757-AB91-6B05D5E1ADA1}.Release|Any CPU.ActiveCfg = Release|Any CPU
		{D492812D-EE79-4757-AB91-6B05D5E1ADA1}.Release|Any CPU.Build.0 = Release|Any CPU
	EndGlobalSection
	GlobalSection(SolutionProperties) = preSolution
		HideSolutionNode = FALSE
	EndGlobalSection
	GlobalSection(ExtensibilityGlobals) = postSolution
		SolutionGuid = {C8A93710-13B8-482E-AD70-2E74D1EF8964}
	EndGlobalSection
EndGlobal
