
Microsoft Visual Studio Solution File, Format Version 12.00
# Visual Studio Version 17
VisualStudioVersion = 17.8.34309.116
MinimumVisualStudioVersion = 10.0.40219.1
Project("{FAE04EC0-301F-11D3-BF4B-00C04F79EFBC}") = "Spotifake", "Spotifake.csproj", "{D9520583-49A1-42D0-835B-08BD607E19E8}"
EndProject
Global
	GlobalSection(SolutionConfigurationPlatforms) = preSolution
		Debug|Any CPU = Debug|Any CPU
		Release|Any CPU = Release|Any CPU
	EndGlobalSection
	GlobalSection(ProjectConfigurationPlatforms) = postSolution
		{D9520583-49A1-42D0-835B-08BD607E19E8}.Debug|Any CPU.ActiveCfg = Debug|Any CPU
		{D9520583-49A1-42D0-835B-08BD607E19E8}.Debug|Any CPU.Build.0 = Debug|Any CPU
		{D9520583-49A1-42D0-835B-08BD607E19E8}.Release|Any CPU.ActiveCfg = Release|Any CPU
		{D9520583-49A1-42D0-835B-08BD607E19E8}.Release|Any CPU.Build.0 = Release|Any CPU
	EndGlobalSection
	GlobalSection(SolutionProperties) = preSolution
		HideSolutionNode = FALSE
	EndGlobalSection
	GlobalSection(ExtensibilityGlobals) = postSolution
		SolutionGuid = {0A55C6D6-904A-4363-9EDA-62095F8F41B4}
	EndGlobalSection
EndGlobal
